{
  "requires": true,
  "lockfileVersion": 1,
  "dependencies": {
    "adler-32": {
      "version": "1.2.0",
      "resolved": "https://registry.npmjs.org/adler-32/-/adler-32-1.2.0.tgz",
      "integrity": "sha1-aj5r8KY5ALoVZSgIyxXGgT0aXyU=",
      "requires": {
        "exit-on-epipe": "1.0.1",
        "printj": "1.1.2"
      }
    },
    "angular-socialshare": {
      "version": "2.2.4",
      "resolved": "https://registry.npmjs.org/angular-socialshare/-/angular-socialshare-2.2.4.tgz",
      "integrity": "sha1-hNRIgu8kJSDmNsB0+4hbNaO2SQw="
    },
    "angular-ui-grid": {
      "version": "3.2.9",
      "resolved": "https://registry.npmjs.org/angular-ui-grid/-/angular-ui-grid-3.2.9.tgz",
      "integrity": "sha1-8A96nA2qKHrVwG0osfTM+hrlOIA=",
      "requires": {
        "angular": "1.4.14"
      },
      "dependencies": {
        "angular": {
          "version": "1.4.14",
          "resolved": "https://registry.npmjs.org/angular/-/angular-1.4.14.tgz",
          "integrity": "sha1-nQ/q9gzm5SzlD0nuMoZW0eGHXDc="
        }
      }
    },
    "angularjs-datepicker": {
      "version": "2.1.6",
      "resolved": "https://registry.npmjs.org/angularjs-datepicker/-/angularjs-datepicker-2.1.6.tgz",
      "integrity": "sha1-Ya+yHJP1ZdSBVbp8UuyDtcUcNLs="
    },
    "any-promise": {
      "version": "1.3.0",
      "resolved": "https://registry.npmjs.org/any-promise/-/any-promise-1.3.0.tgz",
      "integrity": "sha1-q8av7tzqUugJzcA3au0845Y10X8="
    },
    "balanced-match": {
      "version": "0.4.2",
      "resolved": "https://registry.npmjs.org/balanced-match/-/balanced-match-0.4.2.tgz",
      "integrity": "sha1-yz8+PHMtwPAe5wtAPzAuYddwmDg="
    },
    "brace-expansion": {
      "version": "1.1.7",
      "resolved": "https://registry.npmjs.org/brace-expansion/-/brace-expansion-1.1.7.tgz",
      "integrity": "sha1-Pv/DxQ4ABTH7cg6v+A8K6O8jz1k=",
      "requires": {
        "balanced-match": "0.4.2",
        "concat-map": "0.0.1"
      }
    },
    "cfb": {
      "version": "1.0.5",
      "resolved": "https://registry.npmjs.org/cfb/-/cfb-1.0.5.tgz",
      "integrity": "sha512-z1BN+JkopTE4vYu0sx25da2ZFurcN8gUKcBpT2ThCDlNFtWBozId8AHMs4OS7jTPLCJYK30Ud7QgcioyGkkkbg==",
      "requires": {
        "commander": "2.14.1",
        "printj": "1.1.2"
      }
    },
    "cli": {
      "version": "0.11.3",
      "resolved": "https://registry.npmjs.org/cli/-/cli-0.11.3.tgz",
      "integrity": "sha1-ewzT3pkORSklZnwNuv/cn38qmhU=",
      "requires": {
        "exit": "0.1.2",
        "glob": "7.1.2"
      }
    },
    "cli-table": {
      "version": "0.3.1",
      "resolved": "https://registry.npmjs.org/cli-table/-/cli-table-0.3.1.tgz",
      "integrity": "sha1-9TsFJmqLGguTSz0IIebi3FkUriM=",
      "requires": {
        "colors": "1.0.3"
      },
      "dependencies": {
        "colors": {
          "version": "1.0.3",
          "resolved": "https://registry.npmjs.org/colors/-/colors-1.0.3.tgz",
          "integrity": "sha1-BDP0TYCWgP3rYO0mDxsMJi6CpAs="
        }
      }
    },
    "codepage": {
      "version": "1.12.2",
      "resolved": "https://registry.npmjs.org/codepage/-/codepage-1.12.2.tgz",
      "integrity": "sha512-FAN+oPs/ocaPLFvIt4vEOHgWA6UJ6t+fVbbVBoXDpTpC+4JYasomYZEEjR/Miph3qQrVnIShRwwmwu4P35JW1w==",
      "requires": {
        "commander": "2.14.1",
        "exit-on-epipe": "1.0.1"
      }
    },
    "colors": {
      "version": "1.1.2",
      "resolved": "https://registry.npmjs.org/colors/-/colors-1.1.2.tgz",
      "integrity": "sha1-FopHAXVran9RoSzgyXv6KMCE7WM="
    },
    "commander": {
      "version": "2.14.1",
      "resolved": "https://registry.npmjs.org/commander/-/commander-2.14.1.tgz",
      "integrity": "sha512-+YR16o3rK53SmWHU3rEM3tPAh2rwb1yPcQX5irVn7mb0gXbwuCCrnkbV5+PBfETdfg1vui07nM6PCG1zndcjQw=="
    },
    "concat-map": {
      "version": "0.0.1",
      "resolved": "https://registry.npmjs.org/concat-map/-/concat-map-0.0.1.tgz",
      "integrity": "sha1-2Klr13/Wjfd5OnMDajug1UBdR3s="
    },
    "crc-32": {
      "version": "1.2.0",
      "resolved": "https://registry.npmjs.org/crc-32/-/crc-32-1.2.0.tgz",
      "integrity": "sha512-1uBwHxF+Y/4yF5G48fwnKq6QsIXheor3ZLPT80yGBV1oEUwpPojlEhQbWKVw1VwcTQyMGHK1/XMmTjmlsmTTGA==",
      "requires": {
        "exit-on-epipe": "1.0.1",
        "printj": "1.1.2"
      }
    },
    "debug": {
      "version": "2.2.0",
      "resolved": "https://registry.npmjs.org/debug/-/debug-2.2.0.tgz",
      "integrity": "sha1-+HBX6ZWxofauaklgZkE3vFbwOdo=",
      "requires": {
        "ms": "0.7.1"
      }
    },
    "esprima": {
      "version": "1.2.5",
      "resolved": "https://registry.npmjs.org/esprima/-/esprima-1.2.5.tgz",
      "integrity": "sha1-CZNQL+r2aBODJXVvMPmlH+7sEek="
    },
    "exit": {
      "version": "0.1.2",
      "resolved": "https://registry.npmjs.org/exit/-/exit-0.1.2.tgz",
      "integrity": "sha1-BjJjj42HfMghB9MKD/8aF8uhzQw="
    },
    "exit-on-epipe": {
      "version": "1.0.1",
      "resolved": "https://registry.npmjs.org/exit-on-epipe/-/exit-on-epipe-1.0.1.tgz",
      "integrity": "sha512-h2z5mrROTxce56S+pnvAV890uu7ls7f1kEvVGJbw1OlFH3/mlJ5bkXu0KRyW94v37zzHPiUd55iLn3DA7TjWpw=="
    },
    "firebase": {
      "version": "4.1.1",
      "resolved": "https://registry.npmjs.org/firebase/-/firebase-4.1.1.tgz",
      "integrity": "sha1-LGoHxVDhO5QE44ZmtkY5Wxr215I=",
      "requires": {
        "dom-storage": "https://registry.npmjs.org/dom-storage/-/dom-storage-2.0.2.tgz",
        "faye-websocket": "https://registry.npmjs.org/faye-websocket/-/faye-websocket-0.9.3.tgz",
        "jsonwebtoken": "https://registry.npmjs.org/jsonwebtoken/-/jsonwebtoken-7.4.1.tgz",
        "promise-polyfill": "https://registry.npmjs.org/promise-polyfill/-/promise-polyfill-6.0.2.tgz",
        "xmlhttprequest": "https://registry.npmjs.org/xmlhttprequest/-/xmlhttprequest-1.8.0.tgz"
      },
      "dependencies": {
        "base64url": {
          "version": "https://registry.npmjs.org/base64url/-/base64url-2.0.0.tgz",
          "integrity": "sha1-6sFuA+oUOO/5Qj1puqNiYu0fcLs="
        },
        "buffer-equal-constant-time": {
          "version": "https://registry.npmjs.org/buffer-equal-constant-time/-/buffer-equal-constant-time-1.0.1.tgz",
          "integrity": "sha1-+OcRMvf/5uAaXJaXpMbz5I1cyBk="
        },
        "dom-storage": {
          "version": "https://registry.npmjs.org/dom-storage/-/dom-storage-2.0.2.tgz",
          "integrity": "sha1-7RfL9oq9EOCu+BgnE+KXxeS1ALA="
        },
        "ecdsa-sig-formatter": {
          "version": "https://registry.npmjs.org/ecdsa-sig-formatter/-/ecdsa-sig-formatter-1.0.9.tgz",
          "integrity": "sha1-S8kmJ07Dtau1AW5+HWCSGsJisqE=",
          "requires": {
            "base64url": "https://registry.npmjs.org/base64url/-/base64url-2.0.0.tgz",
            "safe-buffer": "https://registry.npmjs.org/safe-buffer/-/safe-buffer-5.0.1.tgz"
          }
        },
        "faye-websocket": {
          "version": "https://registry.npmjs.org/faye-websocket/-/faye-websocket-0.9.3.tgz",
          "integrity": "sha1-SCpQWw3wrmJrlphm0710DNuWLoM=",
          "requires": {
            "websocket-driver": "https://registry.npmjs.org/websocket-driver/-/websocket-driver-0.6.5.tgz"
          }
        },
        "hoek": {
          "version": "https://registry.npmjs.org/hoek/-/hoek-2.16.3.tgz",
          "integrity": "sha1-ILt0A9POo5jpHcRxCo/xuCdKJe0="
        },
        "isemail": {
          "version": "https://registry.npmjs.org/isemail/-/isemail-1.2.0.tgz",
          "integrity": "sha1-vgPfjMPineTSxd9lASY/H6RZXpo="
        },
        "joi": {
          "version": "https://registry.npmjs.org/joi/-/joi-6.10.1.tgz",
          "integrity": "sha1-TVDDGAeRIgAP5fFq8f+OGRe3fgY=",
          "requires": {
            "hoek": "https://registry.npmjs.org/hoek/-/hoek-2.16.3.tgz",
            "isemail": "https://registry.npmjs.org/isemail/-/isemail-1.2.0.tgz",
            "moment": "https://registry.npmjs.org/moment/-/moment-2.18.1.tgz",
            "topo": "https://registry.npmjs.org/topo/-/topo-1.1.0.tgz"
          }
        },
        "jsonwebtoken": {
          "version": "https://registry.npmjs.org/jsonwebtoken/-/jsonwebtoken-7.4.1.tgz",
          "integrity": "sha1-fKMk9SFfi+A5zTWmxFu4y3SkSPs=",
          "requires": {
            "joi": "https://registry.npmjs.org/joi/-/joi-6.10.1.tgz",
            "jws": "https://registry.npmjs.org/jws/-/jws-3.1.4.tgz",
            "lodash.once": "https://registry.npmjs.org/lodash.once/-/lodash.once-4.1.1.tgz",
            "ms": "https://registry.npmjs.org/ms/-/ms-2.0.0.tgz",
            "xtend": "https://registry.npmjs.org/xtend/-/xtend-4.0.1.tgz"
          }
        },
        "jwa": {
          "version": "https://registry.npmjs.org/jwa/-/jwa-1.1.5.tgz",
          "integrity": "sha1-oFUs4CIHQs1S4VN3SjKQXDDnVuU=",
          "requires": {
            "base64url": "https://registry.npmjs.org/base64url/-/base64url-2.0.0.tgz",
            "buffer-equal-constant-time": "https://registry.npmjs.org/buffer-equal-constant-time/-/buffer-equal-constant-time-1.0.1.tgz",
            "ecdsa-sig-formatter": "https://registry.npmjs.org/ecdsa-sig-formatter/-/ecdsa-sig-formatter-1.0.9.tgz",
            "safe-buffer": "https://registry.npmjs.org/safe-buffer/-/safe-buffer-5.0.1.tgz"
          }
        },
        "jws": {
          "version": "https://registry.npmjs.org/jws/-/jws-3.1.4.tgz",
          "integrity": "sha1-+ei5M46KhHJ31kRLFGT2GIDgUKI=",
          "requires": {
            "base64url": "https://registry.npmjs.org/base64url/-/base64url-2.0.0.tgz",
            "jwa": "https://registry.npmjs.org/jwa/-/jwa-1.1.5.tgz",
            "safe-buffer": "https://registry.npmjs.org/safe-buffer/-/safe-buffer-5.0.1.tgz"
          }
        },
        "lodash.once": {
          "version": "https://registry.npmjs.org/lodash.once/-/lodash.once-4.1.1.tgz",
          "integrity": "sha1-DdOXEhPHxW34gJd9UEyI+0cal6w="
        },
        "moment": {
          "version": "https://registry.npmjs.org/moment/-/moment-2.18.1.tgz",
          "integrity": "sha1-w2GT3Tzhwu7SrbfIAtu8d6gbHA8="
        },
        "ms": {
          "version": "https://registry.npmjs.org/ms/-/ms-2.0.0.tgz",
          "integrity": "sha1-VgiurfwAvmwpAd9fmGF4jeDVl8g="
        },
        "promise-polyfill": {
          "version": "https://registry.npmjs.org/promise-polyfill/-/promise-polyfill-6.0.2.tgz",
          "integrity": "sha1-2chtPcTcLfkBboiUbe/Wm0m0EWI="
        },
        "safe-buffer": {
          "version": "https://registry.npmjs.org/safe-buffer/-/safe-buffer-5.0.1.tgz",
          "integrity": "sha1-0mPKVGls2KMGtcplUekt5XkY++c="
        },
        "topo": {
          "version": "https://registry.npmjs.org/topo/-/topo-1.1.0.tgz",
          "integrity": "sha1-6ddRYV0buH3IZdsYL6HKCl71NtU=",
          "requires": {
            "hoek": "https://registry.npmjs.org/hoek/-/hoek-2.16.3.tgz"
          }
        },
        "websocket-driver": {
          "version": "https://registry.npmjs.org/websocket-driver/-/websocket-driver-0.6.5.tgz",
          "integrity": "sha1-XLJVbOuF9Dc8bYI4qmkchFThOjY=",
          "requires": {
            "websocket-extensions": "https://registry.npmjs.org/websocket-extensions/-/websocket-extensions-0.1.1.tgz"
          }
        },
        "websocket-extensions": {
          "version": "https://registry.npmjs.org/websocket-extensions/-/websocket-extensions-0.1.1.tgz",
          "integrity": "sha1-domUmcGEtu91Q3fC27DNbLVdKec="
        },
        "xmlhttprequest": {
          "version": "https://registry.npmjs.org/xmlhttprequest/-/xmlhttprequest-1.8.0.tgz",
          "integrity": "sha1-Z/4HXFwk/vOfnWX197f+dRcZaPw="
        },
        "xtend": {
          "version": "https://registry.npmjs.org/xtend/-/xtend-4.0.1.tgz",
          "integrity": "sha1-pcbVMr5lbiPbgg77lDofBJmNY68="
        }
      }
    },
    "firebase-server": {
      "version": "0.10.1",
      "resolved": "https://registry.npmjs.org/firebase-server/-/firebase-server-0.10.1.tgz",
      "integrity": "sha1-YPHInGCtxayxQME6BiKdTr/CBwA=",
      "requires": {
        "any-promise": "1.3.0",
        "cli": "0.11.3",
        "debug": "2.2.0",
        "firebase": "3.6.1",
        "jwt-simple": "0.3.1",
        "lodash": "3.10.1",
        "targaryen": "2.3.3",
        "ws": "1.1.1"
      },
      "dependencies": {
        "firebase": {
          "version": "3.6.1",
          "resolved": "https://registry.npmjs.org/firebase/-/firebase-3.6.1.tgz",
          "integrity": "sha1-vNf+KPnrdcjsvvuptHY7CACZUik=",
          "requires": {
            "dom-storage": "https://registry.npmjs.org/dom-storage/-/dom-storage-2.0.2.tgz",
            "faye-websocket": "https://registry.npmjs.org/faye-websocket/-/faye-websocket-0.9.3.tgz",
            "jsonwebtoken": "https://registry.npmjs.org/jsonwebtoken/-/jsonwebtoken-5.7.0.tgz",
            "rsvp": "https://registry.npmjs.org/rsvp/-/rsvp-3.2.1.tgz",
            "xmlhttprequest": "https://registry.npmjs.org/xmlhttprequest/-/xmlhttprequest-1.8.0.tgz"
          },
          "dependencies": {
            "dom-storage": {
              "version": "https://registry.npmjs.org/dom-storage/-/dom-storage-2.0.2.tgz",
              "integrity": "sha1-7RfL9oq9EOCu+BgnE+KXxeS1ALA="
            },
            "faye-websocket": {
              "version": "https://registry.npmjs.org/faye-websocket/-/faye-websocket-0.9.3.tgz",
              "integrity": "sha1-SCpQWw3wrmJrlphm0710DNuWLoM=",
              "requires": {
                "websocket-driver": "https://registry.npmjs.org/websocket-driver/-/websocket-driver-0.6.4.tgz"
              },
              "dependencies": {
                "websocket-driver": {
                  "version": "https://registry.npmjs.org/websocket-driver/-/websocket-driver-0.6.4.tgz",
                  "integrity": "sha1-ZbhNAhE0gNP8BeY+gJMiBCvclAs=",
                  "requires": {
                    "websocket-extensions": "https://registry.npmjs.org/websocket-extensions/-/websocket-extensions-0.1.1.tgz"
                  },
                  "dependencies": {
                    "websocket-extensions": {
                      "version": "https://registry.npmjs.org/websocket-extensions/-/websocket-extensions-0.1.1.tgz",
                      "integrity": "sha1-domUmcGEtu91Q3fC27DNbLVdKec="
                    }
                  }
                }
              }
            },
            "jsonwebtoken": {
              "version": "https://registry.npmjs.org/jsonwebtoken/-/jsonwebtoken-5.7.0.tgz",
              "integrity": "sha1-HJD5qGzlt0j1+XnBK3BAK0r83bQ=",
              "requires": {
                "jws": "https://registry.npmjs.org/jws/-/jws-3.1.3.tgz",
                "ms": "https://registry.npmjs.org/ms/-/ms-0.7.1.tgz",
                "xtend": "https://registry.npmjs.org/xtend/-/xtend-4.0.1.tgz"
              },
              "dependencies": {
                "jws": {
                  "version": "https://registry.npmjs.org/jws/-/jws-3.1.3.tgz",
                  "integrity": "sha1-uI8bRYGixe6IE8BrP9+Q6ptcfmw=",
                  "requires": {
                    "base64url": "https://registry.npmjs.org/base64url/-/base64url-1.0.6.tgz",
                    "jwa": "https://registry.npmjs.org/jwa/-/jwa-1.1.3.tgz"
                  },
                  "dependencies": {
                    "base64url": {
                      "version": "https://registry.npmjs.org/base64url/-/base64url-1.0.6.tgz",
                      "integrity": "sha1-1k03XWinxkDZEuI1jRcNylu1RoE=",
                      "requires": {
                        "concat-stream": "https://registry.npmjs.org/concat-stream/-/concat-stream-1.4.10.tgz",
                        "meow": "https://registry.npmjs.org/meow/-/meow-2.0.0.tgz"
                      },
                      "dependencies": {
                        "concat-stream": {
                          "version": "https://registry.npmjs.org/concat-stream/-/concat-stream-1.4.10.tgz",
                          "integrity": "sha1-rMO79WAsuMyYDGrIQPp9hgPj7zY=",
                          "requires": {
                            "inherits": "https://registry.npmjs.org/inherits/-/inherits-2.0.1.tgz",
                            "readable-stream": "https://registry.npmjs.org/readable-stream/-/readable-stream-1.1.14.tgz",
                            "typedarray": "https://registry.npmjs.org/typedarray/-/typedarray-0.0.6.tgz"
                          },
                          "dependencies": {
                            "inherits": {
                              "version": "https://registry.npmjs.org/inherits/-/inherits-2.0.1.tgz",
                              "integrity": "sha1-sX0I0ya0Qj5Wjv9xn5GwscvfafE="
                            },
                            "readable-stream": {
                              "version": "https://registry.npmjs.org/readable-stream/-/readable-stream-1.1.14.tgz",
                              "integrity": "sha1-fPTFTvZI44EwhMY23SB54WbAgdk=",
                              "requires": {
                                "core-util-is": "https://registry.npmjs.org/core-util-is/-/core-util-is-1.0.2.tgz",
                                "inherits": "https://registry.npmjs.org/inherits/-/inherits-2.0.1.tgz",
                                "isarray": "https://registry.npmjs.org/isarray/-/isarray-0.0.1.tgz",
                                "string_decoder": "https://registry.npmjs.org/string_decoder/-/string_decoder-0.10.31.tgz"
                              },
                              "dependencies": {
                                "core-util-is": {
                                  "version": "https://registry.npmjs.org/core-util-is/-/core-util-is-1.0.2.tgz",
                                  "integrity": "sha1-tf1UIgqivFq1eqtxQMlAdUUDwac="
                                },
                                "isarray": {
                                  "version": "https://registry.npmjs.org/isarray/-/isarray-0.0.1.tgz",
                                  "integrity": "sha1-ihis/Kmo9Bd+Cav8YDiTmwXR7t8="
                                },
                                "string_decoder": {
                                  "version": "https://registry.npmjs.org/string_decoder/-/string_decoder-0.10.31.tgz",
                                  "integrity": "sha1-YuIDvEF2bGwoyfyEMB2rHFMQ+pQ="
                                }
                              }
                            },
                            "typedarray": {
                              "version": "https://registry.npmjs.org/typedarray/-/typedarray-0.0.6.tgz",
                              "integrity": "sha1-hnrHTjhkGHsdPUfZlqeOxciDB3c="
                            }
                          }
                        },
                        "meow": {
                          "version": "https://registry.npmjs.org/meow/-/meow-2.0.0.tgz",
                          "integrity": "sha1-j1MKjs9dQNP0tN+Tw0cpAPuiqPE=",
                          "requires": {
                            "camelcase-keys": "https://registry.npmjs.org/camelcase-keys/-/camelcase-keys-1.0.0.tgz",
                            "indent-string": "https://registry.npmjs.org/indent-string/-/indent-string-1.2.2.tgz",
                            "minimist": "https://registry.npmjs.org/minimist/-/minimist-1.2.0.tgz",
                            "object-assign": "https://registry.npmjs.org/object-assign/-/object-assign-1.0.0.tgz"
                          },
                          "dependencies": {
                            "camelcase-keys": {
                              "version": "https://registry.npmjs.org/camelcase-keys/-/camelcase-keys-1.0.0.tgz",
                              "integrity": "sha1-vRoRv5sxoc5JNJOpMN4aC69K1+w=",
                              "requires": {
                                "camelcase": "https://registry.npmjs.org/camelcase/-/camelcase-1.2.1.tgz",
                                "map-obj": "https://registry.npmjs.org/map-obj/-/map-obj-1.0.1.tgz"
                              },
                              "dependencies": {
                                "camelcase": {
                                  "version": "https://registry.npmjs.org/camelcase/-/camelcase-1.2.1.tgz",
                                  "integrity": "sha1-m7UwTS4LVmmLLHWLCKPqqdqlijk="
                                },
                                "map-obj": {
                                  "version": "https://registry.npmjs.org/map-obj/-/map-obj-1.0.1.tgz",
                                  "integrity": "sha1-2TPOuSBdgr3PSIb2dCvcK03qFG0="
                                }
                              }
                            },
                            "indent-string": {
                              "version": "https://registry.npmjs.org/indent-string/-/indent-string-1.2.2.tgz",
                              "integrity": "sha1-25m8xYPrarux5I3LsZmamGBBy2s=",
                              "requires": {
                                "get-stdin": "https://registry.npmjs.org/get-stdin/-/get-stdin-4.0.1.tgz",
                                "minimist": "https://registry.npmjs.org/minimist/-/minimist-1.2.0.tgz",
                                "repeating": "https://registry.npmjs.org/repeating/-/repeating-1.1.3.tgz"
                              },
                              "dependencies": {
                                "get-stdin": {
                                  "version": "https://registry.npmjs.org/get-stdin/-/get-stdin-4.0.1.tgz",
                                  "integrity": "sha1-uWjGsKBDhDJJAui/Gl3zJXmkUP4="
                                },
                                "repeating": {
                                  "version": "https://registry.npmjs.org/repeating/-/repeating-1.1.3.tgz",
                                  "integrity": "sha1-PUEUIYh3U3SU+X93+Xhfq4EPpKw=",
                                  "requires": {
                                    "is-finite": "https://registry.npmjs.org/is-finite/-/is-finite-1.0.1.tgz"
                                  },
                                  "dependencies": {
                                    "is-finite": {
                                      "version": "https://registry.npmjs.org/is-finite/-/is-finite-1.0.1.tgz",
                                      "integrity": "sha1-ZDhgPq6+J5OUj/SkJi7I2z1iWXs=",
                                      "requires": {
                                        "number-is-nan": "https://registry.npmjs.org/number-is-nan/-/number-is-nan-1.0.0.tgz"
                                      },
                                      "dependencies": {
                                        "number-is-nan": {
                                          "version": "https://registry.npmjs.org/number-is-nan/-/number-is-nan-1.0.0.tgz",
                                          "integrity": "sha1-wCD1KcUoKt/dIz2R1LGBw9aG3Es="
                                        }
                                      }
                                    }
                                  }
                                }
                              }
                            },
                            "minimist": {
                              "version": "https://registry.npmjs.org/minimist/-/minimist-1.2.0.tgz",
                              "integrity": "sha1-o1AIsg9BOD7sH7kU9M1d95omQoQ="
                            },
                            "object-assign": {
                              "version": "https://registry.npmjs.org/object-assign/-/object-assign-1.0.0.tgz",
                              "integrity": "sha1-5l3Idm07R7S4MHRlyDEdoDCwcKY="
                            }
                          }
                        }
                      }
                    },
                    "jwa": {
                      "version": "https://registry.npmjs.org/jwa/-/jwa-1.1.3.tgz",
                      "integrity": "sha1-+p8vAF/wxjDnxBUmox8395czzW0=",
                      "requires": {
                        "base64url": "https://registry.npmjs.org/base64url/-/base64url-1.0.6.tgz",
                        "buffer-equal-constant-time": "https://registry.npmjs.org/buffer-equal-constant-time/-/buffer-equal-constant-time-1.0.1.tgz",
                        "ecdsa-sig-formatter": "https://registry.npmjs.org/ecdsa-sig-formatter/-/ecdsa-sig-formatter-1.0.5.tgz"
                      },
                      "dependencies": {
                        "buffer-equal-constant-time": {
                          "version": "https://registry.npmjs.org/buffer-equal-constant-time/-/buffer-equal-constant-time-1.0.1.tgz",
                          "integrity": "sha1-+OcRMvf/5uAaXJaXpMbz5I1cyBk="
                        },
                        "ecdsa-sig-formatter": {
                          "version": "https://registry.npmjs.org/ecdsa-sig-formatter/-/ecdsa-sig-formatter-1.0.5.tgz",
                          "integrity": "sha1-DQ8ytjhhH2uPNv/TBaPlEupUROY=",
                          "requires": {
                            "base64-url": "https://registry.npmjs.org/base64-url/-/base64-url-1.2.2.tgz"
                          },
                          "dependencies": {
                            "base64-url": {
                              "version": "https://registry.npmjs.org/base64-url/-/base64-url-1.2.2.tgz",
                              "integrity": "sha1-kK8m74sLZ7yAGwXsz5QzRWSQCLM="
                            }
                          }
                        }
                      }
                    }
                  }
                },
                "ms": {
                  "version": "https://registry.npmjs.org/ms/-/ms-0.7.1.tgz",
                  "integrity": "sha1-nNE8A62/8ltl7/3nzoZO6VIBcJg="
                },
                "xtend": {
                  "version": "https://registry.npmjs.org/xtend/-/xtend-4.0.1.tgz",
                  "integrity": "sha1-pcbVMr5lbiPbgg77lDofBJmNY68="
                }
              }
            },
            "rsvp": {
              "version": "https://registry.npmjs.org/rsvp/-/rsvp-3.2.1.tgz",
              "integrity": "sha1-B8tKXfJa3Z6Cbrxn3Mn9idsn2Eo="
            },
            "xmlhttprequest": {
              "version": "https://registry.npmjs.org/xmlhttprequest/-/xmlhttprequest-1.8.0.tgz",
              "integrity": "sha1-Z/4HXFwk/vOfnWX197f+dRcZaPw="
            }
          }
        }
      }
    },
    "frac": {
      "version": "1.1.2",
      "resolved": "https://registry.npmjs.org/frac/-/frac-1.1.2.tgz",
      "integrity": "sha512-w/XBfkibaTl3YDqASwfDUqkna4Z2p9cFSr1aHDt0WoMTECnRfBOv2WArlZILlqgWlmdIlALXGpM2AOhEk5W3IA=="
    },
    "fs.realpath": {
      "version": "1.0.0",
      "resolved": "https://registry.npmjs.org/fs.realpath/-/fs.realpath-1.0.0.tgz",
      "integrity": "sha1-FQStJSMVjKpA20onh8sBQRmU6k8="
    },
    "glob": {
      "version": "7.1.2",
      "resolved": "https://registry.npmjs.org/glob/-/glob-7.1.2.tgz",
      "integrity": "sha512-MJTUg1kjuLeQCJ+ccE4Vpa6kKVXkPYJ2mOCQyUuKLcLQsdrMCpBPUi8qVE6+YuaJkozeA9NusTAw3hLr8Xe5EQ==",
      "requires": {
        "fs.realpath": "1.0.0",
        "inflight": "1.0.6",
        "inherits": "2.0.3",
        "minimatch": "3.0.4",
        "once": "1.4.0",
        "path-is-absolute": "1.0.1"
      }
    },
    "inflight": {
      "version": "1.0.6",
      "resolved": "https://registry.npmjs.org/inflight/-/inflight-1.0.6.tgz",
      "integrity": "sha1-Sb1jMdfQLQwJvJEKEHW6gWW1bfk=",
      "requires": {
        "once": "1.4.0",
        "wrappy": "1.0.2"
      }
    },
    "inherits": {
      "version": "2.0.3",
      "resolved": "https://registry.npmjs.org/inherits/-/inherits-2.0.3.tgz",
      "integrity": "sha1-Yzwsg+PaQqUC9SRmAiSA9CCCYd4="
    },
    "jwt-simple": {
      "version": "0.3.1",
      "resolved": "https://registry.npmjs.org/jwt-simple/-/jwt-simple-0.3.1.tgz",
      "integrity": "sha1-huCxIdFJU0Qj29gESnJ+PPHrk54="
    },
    "lodash": {
      "version": "3.10.1",
      "resolved": "https://registry.npmjs.org/lodash/-/lodash-3.10.1.tgz",
      "integrity": "sha1-W/Rejkm6QYnhfUgnid/RW9FAt7Y="
    },
    "lodash.mergewith": {
      "version": "4.6.0",
      "resolved": "https://registry.npmjs.org/lodash.mergewith/-/lodash.mergewith-4.6.0.tgz",
      "integrity": "sha1-FQzwoWeR9ZA7iJHqsVRgknS96lU="
    },
    "minimatch": {
      "version": "3.0.4",
      "resolved": "https://registry.npmjs.org/minimatch/-/minimatch-3.0.4.tgz",
      "integrity": "sha512-yJHVQEhyqPLUTgt9B83PXu6W3rx4MvvHvSUvToogpwoGDOUQ+yDrR0HRot+yOCdCO7u4hX3pWft6kWBBcqh0UA==",
      "requires": {
        "brace-expansion": "1.1.7"
      }
    },
    "minimist": {
      "version": "1.2.0",
      "resolved": "https://registry.npmjs.org/minimist/-/minimist-1.2.0.tgz",
      "integrity": "sha1-o1AIsg9BOD7sH7kU9M1d95omQoQ="
    },
    "ms": {
      "version": "0.7.1",
      "resolved": "https://registry.npmjs.org/ms/-/ms-0.7.1.tgz",
      "integrity": "sha1-nNE8A62/8ltl7/3nzoZO6VIBcJg="
    },
    "once": {
      "version": "1.4.0",
      "resolved": "https://registry.npmjs.org/once/-/once-1.4.0.tgz",
      "integrity": "sha1-WDsap3WWHUsROsF9nFC6753Xa9E=",
      "requires": {
        "wrappy": "1.0.2"
      }
    },
    "options": {
      "version": "0.0.6",
      "resolved": "https://registry.npmjs.org/options/-/options-0.0.6.tgz",
      "integrity": "sha1-7CLTEoBrtT5zF3Pnza788cZDEo8="
    },
    "path-is-absolute": {
      "version": "1.0.1",
      "resolved": "https://registry.npmjs.org/path-is-absolute/-/path-is-absolute-1.0.1.tgz",
      "integrity": "sha1-F0uSaHNVNP+8es5r9TpanhtcX18="
    },
    "printj": {
      "version": "1.1.2",
      "resolved": "https://registry.npmjs.org/printj/-/printj-1.1.2.tgz",
      "integrity": "sha512-zA2SmoLaxZyArQTOPj5LXecR+RagfPSU5Kw1qP+jkWeNlrq+eJZyY2oS68SU1Z/7/myXM4lo9716laOFAVStCQ=="
    },
    "replaceall": {
      "version": "0.1.6",
      "resolved": "https://registry.npmjs.org/replaceall/-/replaceall-0.1.6.tgz",
      "integrity": "sha1-gdgax663LX9cSUKt8ml6MiBojY4="
    },
    "ssf": {
      "version": "0.10.2",
      "resolved": "https://registry.npmjs.org/ssf/-/ssf-0.10.2.tgz",
      "integrity": "sha512-rDhAPm9WyIsY8eZEKyE8Qsotb3j/wBdvMWBUsOhJdfhKGLfQidRjiBUV0y/MkyCLiXQ38FG6LWW/VYUtqlIDZQ==",
      "requires": {
        "frac": "1.1.2"
      }
    },
    "strip-json-comments": {
      "version": "2.0.1",
      "resolved": "https://registry.npmjs.org/strip-json-comments/-/strip-json-comments-2.0.1.tgz",
      "integrity": "sha1-PFMZQukIwml8DsNEhYwobHygpgo="
    },
    "targaryen": {
      "version": "2.3.3",
      "resolved": "https://registry.npmjs.org/targaryen/-/targaryen-2.3.3.tgz",
      "integrity": "sha1-EBTyzGb5TA96GSMxJrXyFo4l2y8=",
      "requires": {
        "cli-table": "0.3.1",
        "colors": "1.1.2",
        "esprima": "1.2.5",
        "lodash.mergewith": "4.6.0",
        "minimist": "1.2.0",
        "replaceall": "0.1.6",
        "strip-json-comments": "2.0.1"
      }
    },
    "ultron": {
      "version": "1.0.2",
      "resolved": "https://registry.npmjs.org/ultron/-/ultron-1.0.2.tgz",
      "integrity": "sha1-rOEWq1V80Zc4ak6I9GhTeMiy5Po="
    },
    "underscore": {
      "version": "1.8.3",
      "resolved": "https://registry.npmjs.org/underscore/-/underscore-1.8.3.tgz",
      "integrity": "sha1-Tz+1OxBuYJf8+ctBCfKl6b36UCI="
    },
    "wrappy": {
      "version": "1.0.2",
      "resolved": "https://registry.npmjs.org/wrappy/-/wrappy-1.0.2.tgz",
      "integrity": "sha1-tSQ9jz7BqjXxNkYFvA0QNuMKtp8="
    },
    "ws": {
      "version": "1.1.1",
      "resolved": "https://registry.npmjs.org/ws/-/ws-1.1.1.tgz",
      "integrity": "sha1-CC3bbGQehdS7RR8D1S8G6r2x8Bg=",
      "requires": {
        "options": "0.0.6",
        "ultron": "1.0.2"
      }
    },
    "xlsx": {
      "version": "0.12.6",
      "resolved": "https://registry.npmjs.org/xlsx/-/xlsx-0.12.6.tgz",
      "integrity": "sha512-rgxqgIcpqy1cfvjg6teLCyyWivVDu49iozm0PP25i0hyIz4oVpHr/ji1ncHQn5LpxmvSSC+bf1TVT0y4tGcKhg==",
      "requires": {
        "adler-32": "1.2.0",
        "cfb": "1.0.5",
        "codepage": "1.12.2",
        "commander": "2.14.1",
        "crc-32": "1.2.0",
        "exit-on-epipe": "1.0.1",
        "ssf": "0.10.2"
      }
    }
  }
}
